
Microsoft Visual Studio Solution File, Format Version 12.00
# Visual Studio Version 17
VisualStudioVersion = 17.5.33530.505
MinimumVisualStudioVersion = 10.0.40219.1
Project("{FAE04EC0-301F-11D3-BF4B-00C04F79EFBC}") = "MassTransitSample", "MassTransitSample\MassTransitSample.csproj", "{EFAE01FF-D0B7-4821-8A53-CE8EFAD61C74}"
EndProject
Global
	GlobalSection(SolutionConfigurationPlatforms) = preSolution
		Debug|Any CPU = Debug|Any CPU
		Release|Any CPU = Release|Any CPU
	EndGlobalSection
	GlobalSection(ProjectConfigurationPlatforms) = postSolution
		{EFAE01FF-D0B7-4821-8A53-CE8EFAD61C74}.Debug|Any CPU.ActiveCfg = Debug|Any CPU
		{EFAE01FF-D0B7-4821-8A53-CE8EFAD61C74}.Debug|Any CPU.Build.0 = Debug|Any CPU
		{EFAE01FF-D0B7-4821-8A53-CE8EFAD61C74}.Release|Any CPU.ActiveCfg = Release|Any CPU
		{EFAE01FF-D0B7-4821-8A53-CE8EFAD61C74}.Release|Any CPU.Build.0 = Release|Any CPU
	EndGlobalSection
	GlobalSection(SolutionProperties) = preSolution
		HideSolutionNode = FALSE
	EndGlobalSection
	GlobalSection(ExtensibilityGlobals) = postSolution
		SolutionGuid = {D45259C1-F82D-4271-8143-8217F9DD0410}
	EndGlobalSection
EndGlobal
